<?xml version="1.0" encoding="utf-8"?>
<Project ToolsVersion="4.0" xmlns="http://schemas.microsoft.com/developer/msbuild/2003">
  <ItemGroup>
    <Filter Include="Src">
      <UniqueIdentifier>{ed4d8f43-be5e-4283-96fd-29e709b622af}</UniqueIdentifier>
    </Filter>
    <Filter Include="ThirdSource">
      <UniqueIdentifier>{20d0713a-24b6-49cc-ac04-6759343ea723}</UniqueIdentifier>
    </Filter>
    <Filter Include="Src\Shaders">
      <UniqueIdentifier>{5038014c-3358-4250-9a4b-a28bef766107}</UniqueIdentifier>
    </Filter>
  </ItemGroup>
  <ItemGroup>
    <ClCompile Include="..\ThirdLibrary\Source\glad.c">
      <Filter>ThirdSource</Filter>
    </ClCompile>
    <ClCompile Include="..\ThirdLibrary\Source\stb_image.cpp">
      <Filter>ThirdSource</Filter>
    </ClCompile>
    <ClCompile Include="..\Src\Main.cpp">
      <Filter>Src</Filter>
    </ClCompile>
  </ItemGroup>
  <ItemGroup>
    <ClInclude Include="..\ThirdLibrary\Source\stb_image.h">
      <Filter>ThirdSource</Filter>
    </ClInclude>
  </ItemGroup>
  <ItemGroup>
    <None Include="..\Src\Shaders\Project1.fs">
      <Filter>Src\Shaders</Filter>
    </None>
    <None Include="..\Src\Shaders\Project1.vs">
      <Filter>Src\Shaders</Filter>
    </None>
  </ItemGroup>
</Project>